
Microsoft Visual Studio Solution File, Format Version 12.00
# Visual Studio Version 17
VisualStudioVersion = 17.8.34511.84
MinimumVisualStudioVersion = 10.0.40219.1
Project("{FAE04EC0-301F-11D3-BF4B-00C04F79EFBC}") = "FunctionApp1", "FunctionApp1\FunctionApp1.csproj", "{CA4AEB63-011B-46D0-9F7C-82FDC4A8D71D}"
EndProject
Global
	GlobalSection(SolutionConfigurationPlatforms) = preSolution
		Debug|Any CPU = Debug|Any CPU
		Release|Any CPU = Release|Any CPU
	EndGlobalSection
	GlobalSection(ProjectConfigurationPlatforms) = postSolution
		{CA4AEB63-011B-46D0-9F7C-82FDC4A8D71D}.Debug|Any CPU.ActiveCfg = Debug|Any CPU
		{CA4AEB63-011B-46D0-9F7C-82FDC4A8D71D}.Debug|Any CPU.Build.0 = Debug|Any CPU
		{CA4AEB63-011B-46D0-9F7C-82FDC4A8D71D}.Release|Any CPU.ActiveCfg = Release|Any CPU
		{CA4AEB63-011B-46D0-9F7C-82FDC4A8D71D}.Release|Any CPU.Build.0 = Release|Any CPU
	EndGlobalSection
	GlobalSection(SolutionProperties) = preSolution
		HideSolutionNode = FALSE
	EndGlobalSection
	GlobalSection(ExtensibilityGlobals) = postSolution
		SolutionGuid = {5AA3C0D8-4D26-426F-836F-597DA4BC7A34}
	EndGlobalSection
EndGlobal
